File.Version=6
MxCube.Version=6.7.0
MxDb.Version=DB.6.0.70
KeepUserPlacement=false
Mcu.Name=STM32F446RETx
board=
ProjectManager.ProjectFileName=001HelloWorld.ioc
ProjectManager.ProjectName=001HelloWorld
ProjectManager.PreviousToolchain=
ProjectManager.TargetToolchain=STM32CubeIDE
ProjectManager.DeletePrevious=true
ProjectManager.UnderRoot=true
ProjectManager.MainLocation=Core/Src
ProjectManager.ToolChainLocation=
ProjectManager.LibraryCopy=1
ProjectManager.FirmwarePackage=STM32Cube FW_F4 V1.27.1
ProjectManager.CustomerFirmwarePackage=
ProjectManager.DefaultFWLocation=true
ProjectManager.DeviceId=STM32F446RETx
ProjectManager.isStatic=false
ProjectManager.isCPP=false
isbadioc=false
